
Microsoft Visual Studio Solution File, Format Version 12.00
# Visual Studio Version 16
VisualStudioVersion = 16.0.31624.102
MinimumVisualStudioVersion = 10.0.40219.1
Project("{FAE04EC0-301F-11D3-BF4B-00C04F79EFBC}") = "Reverse three-digit number", "Reverse three-digit number\Reverse three-digit number.csproj", "{C1E36922-85EB-4736-862C-B900F05109D3}"
EndProject
Global
	GlobalSection(SolutionConfigurationPlatforms) = preSolution
		Debug|Any CPU = Debug|Any CPU
		Release|Any CPU = Release|Any CPU
	EndGlobalSection
	GlobalSection(ProjectConfigurationPlatforms) = postSolution
		{C1E36922-85EB-4736-862C-B900F05109D3}.Debug|Any CPU.ActiveCfg = Debug|Any CPU
		{C1E36922-85EB-4736-862C-B900F05109D3}.Debug|Any CPU.Build.0 = Debug|Any CPU
		{C1E36922-85EB-4736-862C-B900F05109D3}.Release|Any CPU.ActiveCfg = Release|Any CPU
		{C1E36922-85EB-4736-862C-B900F05109D3}.Release|Any CPU.Build.0 = Release|Any CPU
	EndGlobalSection
	GlobalSection(SolutionProperties) = preSolution
		HideSolutionNode = FALSE
	EndGlobalSection
	GlobalSection(ExtensibilityGlobals) = postSolution
		SolutionGuid = {5D7C0C92-F9D0-4B08-B5FE-AEF3B29A0BDD}
	EndGlobalSection
EndGlobal
